
Microsoft Visual Studio Solution File, Format Version 12.00
# Visual Studio Version 17
VisualStudioVersion = 17.9.34902.65
MinimumVisualStudioVersion = 10.0.40219.1
Project("{FAE04EC0-301F-11D3-BF4B-00C04F79EFBC}") = "Thy", "Thy\Thy.csproj", "{4583686E-C7AD-4172-9F91-7828B71F67DD}"
EndProject
Global
	GlobalSection(SolutionConfigurationPlatforms) = preSolution
		Debug|Any CPU = Debug|Any CPU
		Release|Any CPU = Release|Any CPU
	EndGlobalSection
	GlobalSection(ProjectConfigurationPlatforms) = postSolution
		{4583686E-C7AD-4172-9F91-7828B71F67DD}.Debug|Any CPU.ActiveCfg = Debug|Any CPU
		{4583686E-C7AD-4172-9F91-7828B71F67DD}.Debug|Any CPU.Build.0 = Debug|Any CPU
		{4583686E-C7AD-4172-9F91-7828B71F67DD}.Release|Any CPU.ActiveCfg = Release|Any CPU
		{4583686E-C7AD-4172-9F91-7828B71F67DD}.Release|Any CPU.Build.0 = Release|Any CPU
	EndGlobalSection
	GlobalSection(SolutionProperties) = preSolution
		HideSolutionNode = FALSE
	EndGlobalSection
	GlobalSection(ExtensibilityGlobals) = postSolution
		SolutionGuid = {C5138338-43FF-4940-B0D7-367DB25F63D4}
	EndGlobalSection
EndGlobal
